
Microsoft Visual Studio Solution File, Format Version 12.00
# Visual Studio Version 16
VisualStudioVersion = 16.0.33027.164
MinimumVisualStudioVersion = 10.0.40219.1
Project("{9A19103F-16F7-4668-BE54-9A1E7A4F7556}") = "Hust.Datn.Controller", "Hust.Datn.Controller\Hust.Datn.Controller.csproj", "{E97479E4-6FB6-4978-BB33-9344BB2C59C0}"
EndProject
Project("{FAE04EC0-301F-11D3-BF4B-00C04F79EFBC}") = "Hust.Datn.Service", "Hust.Datn.Service\Hust.Datn.Service.csproj", "{37C4ABA6-740A-49AF-A3AE-D696B5840391}"
EndProject
Project("{FAE04EC0-301F-11D3-BF4B-00C04F79EFBC}") = "Hust.Datn.Infrastructure", "Hust.Datn.Infrastructure\Hust.Datn.Infrastructure.csproj", "{510BBF4D-74BF-44F2-B70E-26CE478657FD}"
EndProject
Global
	GlobalSection(SolutionConfigurationPlatforms) = preSolution
		Debug|Any CPU = Debug|Any CPU
		Release|Any CPU = Release|Any CPU
	EndGlobalSection
	GlobalSection(ProjectConfigurationPlatforms) = postSolution
		{E97479E4-6FB6-4978-BB33-9344BB2C59C0}.Debug|Any CPU.ActiveCfg = Debug|Any CPU
		{E97479E4-6FB6-4978-BB33-9344BB2C59C0}.Debug|Any CPU.Build.0 = Debug|Any CPU
		{E97479E4-6FB6-4978-BB33-9344BB2C59C0}.Release|Any CPU.ActiveCfg = Release|Any CPU
		{E97479E4-6FB6-4978-BB33-9344BB2C59C0}.Release|Any CPU.Build.0 = Release|Any CPU
		{37C4ABA6-740A-49AF-A3AE-D696B5840391}.Debug|Any CPU.ActiveCfg = Debug|Any CPU
		{37C4ABA6-740A-49AF-A3AE-D696B5840391}.Debug|Any CPU.Build.0 = Debug|Any CPU
		{37C4ABA6-740A-49AF-A3AE-D696B5840391}.Release|Any CPU.ActiveCfg = Release|Any CPU
		{37C4ABA6-740A-49AF-A3AE-D696B5840391}.Release|Any CPU.Build.0 = Release|Any CPU
		{510BBF4D-74BF-44F2-B70E-26CE478657FD}.Debug|Any CPU.ActiveCfg = Debug|Any CPU
		{510BBF4D-74BF-44F2-B70E-26CE478657FD}.Debug|Any CPU.Build.0 = Debug|Any CPU
		{510BBF4D-74BF-44F2-B70E-26CE478657FD}.Release|Any CPU.ActiveCfg = Release|Any CPU
		{510BBF4D-74BF-44F2-B70E-26CE478657FD}.Release|Any CPU.Build.0 = Release|Any CPU
	EndGlobalSection
	GlobalSection(SolutionProperties) = preSolution
		HideSolutionNode = FALSE
	EndGlobalSection
	GlobalSection(ExtensibilityGlobals) = postSolution
		SolutionGuid = {017EABF3-769D-49E5-9ED1-39BB2356A262}
	EndGlobalSection
EndGlobal
